
Microsoft Visual Studio Solution File, Format Version 12.00
# Visual Studio Version 17
VisualStudioVersion = 17.12.35527.113
MinimumVisualStudioVersion = 10.0.40219.1
Project("{FAE04EC0-301F-11D3-BF4B-00C04F79EFBC}") = "DesignPatterns", "DesignPatterns\DesignPatterns.csproj", "{F3CA9D52-1021-461B-A68E-B501CB99D9B0}"
EndProject
Project("{FAE04EC0-301F-11D3-BF4B-00C04F79EFBC}") = "Fluent_Builder_Inheritance_With_Recursive_Generics", "Fluent_Builder_Inheritance_With_Recursive_Generics\Fluent_Builder_Inheritance_With_Recursive_Generics.csproj", "{5BBA1A39-10AB-4706-9612-F63BFDD2D61C}"
EndProject
Project("{FAE04EC0-301F-11D3-BF4B-00C04F79EFBC}") = "Functional_Builder", "Functional_Builder\Functional_Builder.csproj", "{7962A091-BE5D-448D-95A0-EBB45FA47163}"
EndProject
Project("{FAE04EC0-301F-11D3-BF4B-00C04F79EFBC}") = "Faceted_Builder", "Faceted_Builder\Faceted_Builder.csproj", "{FED23126-E5FD-4893-8A9D-0903F4826E03}"
EndProject
Project("{FAE04EC0-301F-11D3-BF4B-00C04F79EFBC}") = "Stepwise_Builder", "Stepwise_Builder\Stepwise_Builder.csproj", "{7562C812-0403-485C-8D05-EFB85B52C288}"
EndProject
Global
	GlobalSection(SolutionConfigurationPlatforms) = preSolution
		Debug|Any CPU = Debug|Any CPU
		Release|Any CPU = Release|Any CPU
	EndGlobalSection
	GlobalSection(ProjectConfigurationPlatforms) = postSolution
		{F3CA9D52-1021-461B-A68E-B501CB99D9B0}.Debug|Any CPU.ActiveCfg = Debug|Any CPU
		{F3CA9D52-1021-461B-A68E-B501CB99D9B0}.Debug|Any CPU.Build.0 = Debug|Any CPU
		{F3CA9D52-1021-461B-A68E-B501CB99D9B0}.Release|Any CPU.ActiveCfg = Release|Any CPU
		{F3CA9D52-1021-461B-A68E-B501CB99D9B0}.Release|Any CPU.Build.0 = Release|Any CPU
		{5BBA1A39-10AB-4706-9612-F63BFDD2D61C}.Debug|Any CPU.ActiveCfg = Debug|Any CPU
		{5BBA1A39-10AB-4706-9612-F63BFDD2D61C}.Debug|Any CPU.Build.0 = Debug|Any CPU
		{5BBA1A39-10AB-4706-9612-F63BFDD2D61C}.Release|Any CPU.ActiveCfg = Release|Any CPU
		{5BBA1A39-10AB-4706-9612-F63BFDD2D61C}.Release|Any CPU.Build.0 = Release|Any CPU
		{7962A091-BE5D-448D-95A0-EBB45FA47163}.Debug|Any CPU.ActiveCfg = Debug|Any CPU
		{7962A091-BE5D-448D-95A0-EBB45FA47163}.Debug|Any CPU.Build.0 = Debug|Any CPU
		{7962A091-BE5D-448D-95A0-EBB45FA47163}.Release|Any CPU.ActiveCfg = Release|Any CPU
		{7962A091-BE5D-448D-95A0-EBB45FA47163}.Release|Any CPU.Build.0 = Release|Any CPU
		{FED23126-E5FD-4893-8A9D-0903F4826E03}.Debug|Any CPU.ActiveCfg = Debug|Any CPU
		{FED23126-E5FD-4893-8A9D-0903F4826E03}.Debug|Any CPU.Build.0 = Debug|Any CPU
		{FED23126-E5FD-4893-8A9D-0903F4826E03}.Release|Any CPU.ActiveCfg = Release|Any CPU
		{FED23126-E5FD-4893-8A9D-0903F4826E03}.Release|Any CPU.Build.0 = Release|Any CPU
		{7562C812-0403-485C-8D05-EFB85B52C288}.Debug|Any CPU.ActiveCfg = Debug|Any CPU
		{7562C812-0403-485C-8D05-EFB85B52C288}.Debug|Any CPU.Build.0 = Debug|Any CPU
		{7562C812-0403-485C-8D05-EFB85B52C288}.Release|Any CPU.ActiveCfg = Release|Any CPU
		{7562C812-0403-485C-8D05-EFB85B52C288}.Release|Any CPU.Build.0 = Release|Any CPU
	EndGlobalSection
	GlobalSection(SolutionProperties) = preSolution
		HideSolutionNode = FALSE
	EndGlobalSection
EndGlobal
